{
  "name": "pet",
  "lockfileVersion": 3,
  "requires": true,
  "packages": {
    "": {
      "dependencies": {
        "@alova/mock": "^2.0.17"
      }
    },
    "node_modules/@alova/mock": {
      "version": "2.0.17",
      "resolved": "https://registry.npmmirror.com/@alova/mock/-/mock-2.0.17.tgz",
      "integrity": "sha512-Zf+I7AE0/vIt/pv0S25cqw6G+yX0uIJAdzRMkRvFVKGspPHnBZ+a43/8lT1bKdLsvPweydqC7jACCv1JThd3IQ==",
      "license": "MIT",
      "dependencies": {
        "@alova/shared": "1.3.1"
      },
      "peerDependencies": {
        "alova": "^3.0.20"
      }
    },
    "node_modules/@alova/shared": {
      "version": "1.3.1",
      "resolved": "https://registry.npmmirror.com/@alova/shared/-/shared-1.3.1.tgz",
      "integrity": "sha512-ijSOaFLUFcVzMKSY3avoEE5C03/p9atjMDPBwvNkwnzaCrhv6/m4A121NdadF8YlHCRuifyYfz90IyEdMXTsJg==",
      "license": "MIT"
    },
    "node_modules/alova": {
      "version": "3.3.4",
      "resolved": "https://registry.npmmirror.com/alova/-/alova-3.3.4.tgz",
      "integrity": "sha512-UKKqXdvf8aQ4C7m3brO77YWe5CDz8N59PdAUz7M8gowKUUXTutbk0Vk5DRBrCe0hMUyyNMUhdCZ38llGxCViyQ==",
      "license": "MIT",
      "peer": true,
      "dependencies": {
        "@alova/shared": "1.3.1",
        "rate-limiter-flexible": "^5.0.3"
      },
      "engines": {
        "node": ">= 18.0.0"
      }
    },
    "node_modules/rate-limiter-flexible": {
      "version": "5.0.5",
      "resolved": "https://registry.npmmirror.com/rate-limiter-flexible/-/rate-limiter-flexible-5.0.5.tgz",
      "integrity": "sha512-+/dSQfo+3FYwYygUs/V2BBdwGa9nFtakDwKt4l0bnvNB53TNT++QSFewwHX9qXrZJuMe9j+TUaU21lm5ARgqdQ==",
      "license": "ISC",
      "peer": true
    }
  }
}
